// !$*UTF8*$!
{
	archiveVersion = 1;
	classes = {
	};
	objectVersion = 46;
	objects = {

/* Begin PBXBuildFile section */
		3568893D1FCF92F600EF1F29 /* AppDelegate.swift in Sources */ = {isa = PBXBuildFile; fileRef = 3568893C1FCF92F600EF1F29 /* AppDelegate.swift */; };
		3568893F1FCF92F600EF1F29 /* ViewController.swift in Sources */ = {isa = PBXBuildFile; fileRef = 3568893E1FCF92F600EF1F29 /* ViewController.swift */; };
		356889421FCF92F600EF1F29 /* Main.storyboard in Resources */ = {isa = PBXBuildFile; fileRef = 356889401FCF92F600EF1F29 /* Main.storyboard */; };
		356889441FCF92F600EF1F29 /* Assets.xcassets in Resources */ = {isa = PBXBuildFile; fileRef = 356889431FCF92F600EF1F29 /* Assets.xcassets */; };
		356889471FCF92F600EF1F29 /* LaunchScreen.storyboard in Resources */ = {isa = PBXBuildFile; fileRef = 356889451FCF92F600EF1F29 /* LaunchScreen.storyboard */; };
		356889521FCF92F600EF1F29 /* moderingTests.swift in Sources */ = {isa = PBXBuildFile; fileRef = 356889511FCF92F600EF1F29 /* moderingTests.swift */; };
		3568895D1FCF92F600EF1F29 /* moderingUITests.swift in Sources */ = {isa = PBXBuildFile; fileRef = 3568895C1FCF92F600EF1F29 /* moderingUITests.swift */; };
/* End PBXBuildFile section */

/* Begin PBXContainerItemProxy section */
		3568894E1FCF92F600EF1F29 /* PBXContainerItemProxy */ = {
			isa = PBXContainerItemProxy;
			containerPortal = 356889311FCF92F600EF1F29 /* Project object */;
			proxyType = 1;
			remoteGlobalIDString = 356889381FCF92F600EF1F29;
			remoteInfo = modering;
		};
		356889591FCF92F600EF1F29 /* PBXContainerItemProxy */ = {
			isa = PBXContainerItemProxy;
			containerPortal = 356889311FCF92F600EF1F29 /* Project object */;
			proxyType = 1;
			remoteGlobalIDString = 356889381FCF92F600EF1F29;
			remoteInfo = modering;
		};
/* End PBXContainerItemProxy section */

/* Begin PBXFileReference section */
		356889391FCF92F600EF1F29 /* modering.app */ = {isa = PBXFileReference; explicitFileType = wrapper.application; includeInIndex = 0; path = modering.app; sourceTree = BUILT_PRODUCTS_DIR; };
		3568893C1FCF92F600EF1F29 /* AppDelegate.swift */ = {isa = PBXFileReference; lastKnownFileType = sourcecode.swift; path = AppDelegate.swift; sourceTree = "<group>"; };
		3568893E1FCF92F600EF1F29 /* ViewController.swift */ = {isa = PBXFileReference; lastKnownFileType = sourcecode.swift; path = ViewController.swift; sourceTree = "<group>"; };
		356889411FCF92F600EF1F29 /* Base */ = {isa = PBXFileReference; lastKnownFileType = file.storyboard; name = Base; path = Base.lproj/Main.storyboard; sourceTree = "<group>"; };
		356889431FCF92F600EF1F29 /* Assets.xcassets */ = {isa = PBXFileReference; lastKnownFileType = folder.assetcatalog; path = Assets.xcassets; sourceTree = "<group>"; };
		356889461FCF92F600EF1F29 /* Base */ = {isa = PBXFileReference; lastKnownFileType = file.storyboard; name = Base; path = Base.lproj/LaunchScreen.storyboard; sourceTree = "<group>"; };
		356889481FCF92F600EF1F29 /* Info.plist */ = {isa = PBXFileReference; lastKnownFileType = text.plist.xml; path = Info.plist; sourceTree = "<group>"; };
		3568894D1FCF92F600EF1F29 /* moderingTests.xctest */ = {isa = PBXFileReference; explicitFileType = wrapper.cfbundle; includeInIndex = 0; path = moderingTests.xctest; sourceTree = BUILT_PRODUCTS_DIR; };
		356889511FCF92F600EF1F29 /* moderingTests.swift */ = {isa = PBXFileReference; lastKnownFileType = sourcecode.swift; path = moderingTests.swift; sourceTree = "<group>"; };
		356889531FCF92F600EF1F29 /* Info.plist */ = {isa = PBXFileReference; lastKnownFileType = text.plist.xml; path = Info.plist; sourceTree = "<group>"; };
		356889581FCF92F600EF1F29 /* moderingUITests.xctest */ = {isa = PBXFileReference; explicitFileType = wrapper.cfbundle; includeInIndex = 0; path = moderingUITests.xctest; sourceTree = BUILT_PRODUCTS_DIR; };
		3568895C1FCF92F600EF1F29 /* moderingUITests.swift */ = {isa = PBXFileReference; lastKnownFileType = sourcecode.swift; path = moderingUITests.swift; sourceTree = "<group>"; };
		3568895E1FCF92F600EF1F29 /* Info.plist */ = {isa = PBXFileReference; lastKnownFileType = text.plist.xml; path = Info.plist; sourceTree = "<group>"; };
/* End PBXFileReference section */

/* Begin PBXFrameworksBuildPhase section */
		356889361FCF92F600EF1F29 /* Frameworks */ = {
			isa = PBXFrameworksBuildPhase;
			buildActionMask = 2147483647;
			files = (
			);
			runOnlyForDeploymentPostprocessing = 0;
		};
		3568894A1FCF92F600EF1F29 /* Frameworks */ = {
			isa = PBXFrameworksBuildPhase;
			buildActionMask = 2147483647;
			files = (
			);
			runOnlyForDeploymentPostprocessing = 0;
		};
		356889551FCF92F600EF1F29 /* Frameworks */ = {
			isa = PBXFrameworksBuildPhase;
			buildActionMask = 2147483647;
			files = (
			);
			runOnlyForDeploymentPostprocessing = 0;
		};
/* End PBXFrameworksBuildPhase section */

/* Begin PBXGroup section */
		356889301FCF92F600EF1F29 = {
			isa = PBXGroup;
			children = (
				3568893B1FCF92F600EF1F29 /* modering */,
				356889501FCF92F600EF1F29 /* moderingTests */,
				3568895B1FCF92F600EF1F29 /* moderingUITests */,
				3568893A1FCF92F600EF1F29 /* Products */,
			);
			sourceTree = "<group>";
		};
		3568893A1FCF92F600EF1F29 /* Products */ = {
			isa = PBXGroup;
			children = (
				356889391FCF92F600EF1F29 /* modering.app */,
				3568894D1FCF92F600EF1F29 /* moderingTests.xctest */,
				356889581FCF92F600EF1F29 /* moderingUITests.xctest */,
			);
			name = Products;
			sourceTree = "<group>";
		};
		3568893B1FCF92F600EF1F29 /* modering */ = {
			isa = PBXGroup;
			children = (
				3568893C1FCF92F600EF1F29 /* AppDelegate.swift */,
				3568893E1FCF92F600EF1F29 /* ViewController.swift */,
				356889401FCF92F600EF1F29 /* Main.storyboard */,
				356889431FCF92F600EF1F29 /* Assets.xcassets */,
				356889451FCF92F600EF1F29 /* LaunchScreen.storyboard */,
				356889481FCF92F600EF1F29 /* Info.plist */,
			);
			path = modering;
			sourceTree = "<group>";
		};
		356889501FCF92F600EF1F29 /* moderingTests */ = {
			isa = PBXGroup;
			children = (
				356889511FCF92F600EF1F29 /* moderingTests.swift */,
				356889531FCF92F600EF1F29 /* Info.plist */,
			);
			path = moderingTests;
			sourceTree = "<group>";
		};
		3568895B1FCF92F600EF1F29 /* moderingUITests */ = {
			isa = PBXGroup;
			children = (
				3568895C1FCF92F600EF1F29 /* moderingUITests.swift */,
				3568895E1FCF92F600EF1F29 /* Info.plist */,
			);
			path = moderingUITests;
			sourceTree = "<group>";
		};
/* End PBXGroup section */

/* Begin PBXNativeTarget section */
		356889381FCF92F600EF1F29 /* modering */ = {
			isa = PBXNativeTarget;
			buildConfigurationList = 356889611FCF92F600EF1F29 /* Build configuration list for PBXNativeTarget "modering" */;
			buildPhases = (
				356889351FCF92F600EF1F29 /* Sources */,
				356889361FCF92F600EF1F29 /* Frameworks */,
				356889371FCF92F600EF1F29 /* Resources */,
			);
			buildRules = (
			);
			dependencies = (
			);
			name = modering;
			productName = modering;
			productReference = 356889391FCF92F600EF1F29 /* modering.app */;
			productType = "com.apple.product-type.application";
		};
		3568894C1FCF92F600EF1F29 /* moderingTests */ = {
			isa = PBXNativeTarget;
			buildConfigurationList = 356889641FCF92F600EF1F29 /* Build configuration list for PBXNativeTarget "moderingTests" */;
			buildPhases = (
				356889491FCF92F600EF1F29 /* Sources */,
				3568894A1FCF92F600EF1F29 /* Frameworks */,
				3568894B1FCF92F600EF1F29 /* Resources */,
			);
			buildRules = (
			);
			dependencies = (
				3568894F1FCF92F600EF1F29 /* PBXTargetDependency */,
			);
			name = moderingTests;
			productName = moderingTests;
			productReference = 3568894D1FCF92F600EF1F29 /* moderingTests.xctest */;
			productType = "com.apple.product-type.bundle.unit-test";
		};
		356889571FCF92F600EF1F29 /* moderingUITests */ = {
			isa = PBXNativeTarget;
			buildConfigurationList = 356889671FCF92F600EF1F29 /* Build configuration list for PBXNativeTarget "moderingUITests" */;
			buildPhases = (
				356889541FCF92F600EF1F29 /* Sources */,
				356889551FCF92F600EF1F29 /* Frameworks */,
				356889561FCF92F600EF1F29 /* Resources */,
			);
			buildRules = (
			);
			dependencies = (
				3568895A1FCF92F600EF1F29 /* PBXTargetDependency */,
			);
			name = moderingUITests;
			productName = moderingUITests;
			productReference = 356889581FCF92F600EF1F29 /* moderingUITests.xctest */;
			productType = "com.apple.product-type.bundle.ui-testing";
		};
/* End PBXNativeTarget section */

/* Begin PBXProject section */
		356889311FCF92F600EF1F29 /* Project object */ = {
			isa = PBXProject;
			attributes = {
				LastSwiftUpdateCheck = 0820;
				LastUpgradeCheck = 0820;
				ORGANIZATIONNAME = ryukyu;
				TargetAttributes = {
					356889381FCF92F600EF1F29 = {
						CreatedOnToolsVersion = 8.2.1;
						ProvisioningStyle = Automatic;
					};
					3568894C1FCF92F600EF1F29 = {
						CreatedOnToolsVersion = 8.2.1;
						ProvisioningStyle = Automatic;
						TestTargetID = 356889381FCF92F600EF1F29;
					};
					356889571FCF92F600EF1F29 = {
						CreatedOnToolsVersion = 8.2.1;
						ProvisioningStyle = Automatic;
						TestTargetID = 356889381FCF92F600EF1F29;
					};
				};
			};
			buildConfigurationList = 356889341FCF92F600EF1F29 /* Build configuration list for PBXProject "modering" */;
			compatibilityVersion = "Xcode 3.2";
			developmentRegion = English;
			hasScannedForEncodings = 0;
			knownRegions = (
				en,
				Base,
			);
			mainGroup = 356889301FCF92F600EF1F29;
			productRefGroup = 3568893A1FCF92F600EF1F29 /* Products */;
			projectDirPath = "";
			projectRoot = "";
			targets = (
				356889381FCF92F600EF1F29 /* modering */,
				3568894C1FCF92F600EF1F29 /* moderingTests */,
				356889571FCF92F600EF1F29 /* moderingUITests */,
			);
		};
/* End PBXProject section */

/* Begin PBXResourcesBuildPhase section */
		356889371FCF92F600EF1F29 /* Resources */ = {
			isa = PBXResourcesBuildPhase;
			buildActionMask = 2147483647;
			files = (
				356889471FCF92F600EF1F29 /* LaunchScreen.storyboard in Resources */,
				356889441FCF92F600EF1F29 /* Assets.xcassets in Resources */,
				356889421FCF92F600EF1F29 /* Main.storyboard in Resources */,
			);
			runOnlyForDeploymentPostprocessing = 0;
		};
		3568894B1FCF92F600EF1F29 /* Resources */ = {
			isa = PBXResourcesBuildPhase;
			buildActionMask = 2147483647;
			files = (
			);
			runOnlyForDeploymentPostprocessing = 0;
		};
		356889561FCF92F600EF1F29 /* Resources */ = {
			isa = PBXResourcesBuildPhase;
			buildActionMask = 2147483647;
			files = (
			);
			runOnlyForDeploymentPostprocessing = 0;
		};
/* End PBXResourcesBuildPhase section */

/* Begin PBXSourcesBuildPhase section */
		356889351FCF92F600EF1F29 /* Sources */ = {
			isa = PBXSourcesBuildPhase;
			buildActionMask = 2147483647;
			files = (
				3568893F1FCF92F600EF1F29 /* ViewController.swift in Sources */,
				3568893D1FCF92F600EF1F29 /* AppDelegate.swift in Sources */,
			);
			runOnlyForDeploymentPostprocessing = 0;
		};
		356889491FCF92F600EF1F29 /* Sources */ = {
			isa = PBXSourcesBuildPhase;
			buildActionMask = 2147483647;
			files = (
				356889521FCF92F600EF1F29 /* moderingTests.swift in Sources */,
			);
			runOnlyForDeploymentPostprocessing = 0;
		};
		356889541FCF92F600EF1F29 /* Sources */ = {
			isa = PBXSourcesBuildPhase;
			buildActionMask = 2147483647;
			files = (
				3568895D1FCF92F600EF1F29 /* moderingUITests.swift in Sources */,
			);
			runOnlyForDeploymentPostprocessing = 0;
		};
/* End PBXSourcesBuildPhase section */

/* Begin PBXTargetDependency section */
		3568894F1FCF92F600EF1F29 /* PBXTargetDependency */ = {
			isa = PBXTargetDependency;
			target = 356889381FCF92F600EF1F29 /* modering */;
			targetProxy = 3568894E1FCF92F600EF1F29 /* PBXContainerItemProxy */;
		};
		3568895A1FCF92F600EF1F29 /* PBXTargetDependency */ = {
			isa = PBXTargetDependency;
			target = 356889381FCF92F600EF1F29 /* modering */;
			targetProxy = 356889591FCF92F600EF1F29 /* PBXContainerItemProxy */;
		};
/* End PBXTargetDependency section */

/* Begin PBXVariantGroup section */
		356889401FCF92F600EF1F29 /* Main.storyboard */ = {
			isa = PBXVariantGroup;
			children = (
				356889411FCF92F600EF1F29 /* Base */,
			);
			name = Main.storyboard;
			sourceTree = "<group>";
		};
		356889451FCF92F600EF1F29 /* LaunchScreen.storyboard */ = {
			isa = PBXVariantGroup;
			children = (
				356889461FCF92F600EF1F29 /* Base */,
			);
			name = LaunchScreen.storyboard;
			sourceTree = "<group>";
		};
/* End PBXVariantGroup section */

/* Begin XCBuildConfiguration section */
		3568895F1FCF92F600EF1F29 /* Debug */ = {
			isa = XCBuildConfiguration;
			buildSettings = {
				ALWAYS_SEARCH_USER_PATHS = NO;
				CLANG_ANALYZER_NONNULL = YES;
				CLANG_CXX_LANGUAGE_STANDARD = "gnu++0x";
				CLANG_CXX_LIBRARY = "libc++";
				CLANG_ENABLE_MODULES = YES;
				CLANG_ENABLE_OBJC_ARC = YES;
				CLANG_WARN_BOOL_CONVERSION = YES;
				CLANG_WARN_CONSTANT_CONVERSION = YES;
				CLANG_WARN_DIRECT_OBJC_ISA_USAGE = YES_ERROR;
				CLANG_WARN_DOCUMENTATION_COMMENTS = YES;
				CLANG_WARN_EMPTY_BODY = YES;
				CLANG_WARN_ENUM_CONVERSION = YES;
				CLANG_WARN_INFINITE_RECURSION = YES;
				CLANG_WARN_INT_CONVERSION = YES;
				CLANG_WARN_OBJC_ROOT_CLASS = YES_ERROR;
				CLANG_WARN_SUSPICIOUS_MOVE = YES;
				CLANG_WARN_UNREACHABLE_CODE = YES;
				CLANG_WARN__DUPLICATE_METHOD_MATCH = YES;
				"CODE_SIGN_IDENTITY[sdk=iphoneos*]" = "iPhone Developer";
				COPY_PHASE_STRIP = NO;
				DEBUG_INFORMATION_FORMAT = dwarf;
				ENABLE_STRICT_OBJC_MSGSEND = YES;
				ENABLE_TESTABILITY = YES;
				GCC_C_LANGUAGE_STANDARD = gnu99;
				GCC_DYNAMIC_NO_PIC = NO;
				GCC_NO_COMMON_BLOCKS = YES;
				GCC_OPTIMIZATION_LEVEL = 0;
				GCC_PREPROCESSOR_DEFINITIONS = (
					"DEBUG=1",
					"$(inherited)",
				);
				GCC_WARN_64_TO_32_BIT_CONVERSION = YES;
				GCC_WARN_ABOUT_RETURN_TYPE = YES_ERROR;
				GCC_WARN_UNDECLARED_SELECTOR = YES;
				GCC_WARN_UNINITIALIZED_AUTOS = YES_AGGRESSIVE;
				GCC_WARN_UNUSED_FUNCTION = YES;
				GCC_WARN_UNUSED_VARIABLE = YES;
				IPHONEOS_DEPLOYMENT_TARGET = 10.2;
				MTL_ENABLE_DEBUG_INFO = YES;
				ONLY_ACTIVE_ARCH = YES;
				SDKROOT = iphoneos;
				SWIFT_ACTIVE_COMPILATION_CONDITIONS = DEBUG;
				SWIFT_OPTIMIZATION_LEVEL = "-Onone";
				TARGETED_DEVICE_FAMILY = "1,2";
			};
			name = Debug;
		};
		356889601FCF92F600EF1F29 /* Release */ = {
			isa = XCBuildConfiguration;
			buildSettings = {
				ALWAYS_SEARCH_USER_PATHS = NO;
				CLANG_ANALYZER_NONNULL = YES;
				CLANG_CXX_LANGUAGE_STANDARD = "gnu++0x";
				CLANG_CXX_LIBRARY = "libc++";
				CLANG_ENABLE_MODULES = YES;
				CLANG_ENABLE_OBJC_ARC = YES;
				CLANG_WARN_BOOL_CONVERSION = YES;
				CLANG_WARN_CONSTANT_CONVERSION = YES;
				CLANG_WARN_DIRECT_OBJC_ISA_USAGE = YES_ERROR;
				CLANG_WARN_DOCUMENTATION_COMMENTS = YES;
				CLANG_WARN_EMPTY_BODY = YES;
				CLANG_WARN_ENUM_CONVERSION = YES;
				CLANG_WARN_INFINITE_RECURSION = YES;
				CLANG_WARN_INT_CONVERSION = YES;
				CLANG_WARN_OBJC_ROOT_CLASS = YES_ERROR;
				CLANG_WARN_SUSPICIOUS_MOVE = YES;
				CLANG_WARN_UNREACHABLE_CODE = YES;
				CLANG_WARN__DUPLICATE_METHOD_MATCH = YES;
				"CODE_SIGN_IDENTITY[sdk=iphoneos*]" = "iPhone Developer";
				COPY_PHASE_STRIP = NO;
				DEBUG_INFORMATION_FORMAT = "dwarf-with-dsym";
				ENABLE_NS_ASSERTIONS = NO;
				ENABLE_STRICT_OBJC_MSGSEND = YES;
				GCC_C_LANGUAGE_STANDARD = gnu99;
				GCC_NO_COMMON_BLOCKS = YES;
				GCC_WARN_64_TO_32_BIT_CONVERSION = YES;
				GCC_WARN_ABOUT_RETURN_TYPE = YES_ERROR;
				GCC_WARN_UNDECLARED_SELECTOR = YES;
				GCC_WARN_UNINITIALIZED_AUTOS = YES_AGGRESSIVE;
				GCC_WARN_UNUSED_FUNCTION = YES;
				GCC_WARN_UNUSED_VARIABLE = YES;
				IPHONEOS_DEPLOYMENT_TARGET = 10.2;
				MTL_ENABLE_DEBUG_INFO = NO;
				SDKROOT = iphoneos;
				SWIFT_OPTIMIZATION_LEVEL = "-Owholemodule";
				TARGETED_DEVICE_FAMILY = "1,2";
				VALIDATE_PRODUCT = YES;
			};
			name = Release;
		};
		356889621FCF92F600EF1F29 /* Debug */ = {
			isa = XCBuildConfiguration;
			buildSettings = {
				ASSETCATALOG_COMPILER_APPICON_NAME = AppIcon;
				INFOPLIST_FILE = modering/Info.plist;
				LD_RUNPATH_SEARCH_PATHS = "$(inherited) @executable_path/Frameworks";
				PRODUCT_BUNDLE_IDENTIFIER = ie.ryukyu.modering;
				PRODUCT_NAME = "$(TARGET_NAME)";
				SWIFT_VERSION = 3.0;
			};
			name = Debug;
		};
		356889631FCF92F600EF1F29 /* Release */ = {
			isa = XCBuildConfiguration;
			buildSettings = {
				ASSETCATALOG_COMPILER_APPICON_NAME = AppIcon;
				INFOPLIST_FILE = modering/Info.plist;
				LD_RUNPATH_SEARCH_PATHS = "$(inherited) @executable_path/Frameworks";
				PRODUCT_BUNDLE_IDENTIFIER = ie.ryukyu.modering;
				PRODUCT_NAME = "$(TARGET_NAME)";
				SWIFT_VERSION = 3.0;
			};
			name = Release;
		};
		356889651FCF92F600EF1F29 /* Debug */ = {
			isa = XCBuildConfiguration;
			buildSettings = {
				ALWAYS_EMBED_SWIFT_STANDARD_LIBRARIES = YES;
				BUNDLE_LOADER = "$(TEST_HOST)";
				INFOPLIST_FILE = moderingTests/Info.plist;
				LD_RUNPATH_SEARCH_PATHS = "$(inherited) @executable_path/Frameworks @loader_path/Frameworks";
				PRODUCT_BUNDLE_IDENTIFIER = ie.ryukyu.moderingTests;
				PRODUCT_NAME = "$(TARGET_NAME)";
				SWIFT_VERSION = 3.0;
				TEST_HOST = "$(BUILT_PRODUCTS_DIR)/modering.app/modering";
			};
			name = Debug;
		};
		356889661FCF92F600EF1F29 /* Release */ = {
			isa = XCBuildConfiguration;
			buildSettings = {
				ALWAYS_EMBED_SWIFT_STANDARD_LIBRARIES = YES;
				BUNDLE_LOADER = "$(TEST_HOST)";
				INFOPLIST_FILE = moderingTests/Info.plist;
				LD_RUNPATH_SEARCH_PATHS = "$(inherited) @executable_path/Frameworks @loader_path/Frameworks";
				PRODUCT_BUNDLE_IDENTIFIER = ie.ryukyu.moderingTests;
				PRODUCT_NAME = "$(TARGET_NAME)";
				SWIFT_VERSION = 3.0;
				TEST_HOST = "$(BUILT_PRODUCTS_DIR)/modering.app/modering";
			};
			name = Release;
		};
		356889681FCF92F600EF1F29 /* Debug */ = {
			isa = XCBuildConfiguration;
			buildSettings = {
				ALWAYS_EMBED_SWIFT_STANDARD_LIBRARIES = YES;
				INFOPLIST_FILE = moderingUITests/Info.plist;
				LD_RUNPATH_SEARCH_PATHS = "$(inherited) @executable_path/Frameworks @loader_path/Frameworks";
				PRODUCT_BUNDLE_IDENTIFIER = ie.ryukyu.moderingUITests;
				PRODUCT_NAME = "$(TARGET_NAME)";
				SWIFT_VERSION = 3.0;
				TEST_TARGET_NAME = modering;
			};
			name = Debug;
		};
		356889691FCF92F600EF1F29 /* Release */ = {
			isa = XCBuildConfiguration;
			buildSettings = {
				ALWAYS_EMBED_SWIFT_STANDARD_LIBRARIES = YES;
				INFOPLIST_FILE = moderingUITests/Info.plist;
				LD_RUNPATH_SEARCH_PATHS = "$(inherited) @executable_path/Frameworks @loader_path/Frameworks";
				PRODUCT_BUNDLE_IDENTIFIER = ie.ryukyu.moderingUITests;
				PRODUCT_NAME = "$(TARGET_NAME)";
				SWIFT_VERSION = 3.0;
				TEST_TARGET_NAME = modering;
			};
			name = Release;
		};
/* End XCBuildConfiguration section */

/* Begin XCConfigurationList section */
		356889341FCF92F600EF1F29 /* Build configuration list for PBXProject "modering" */ = {
			isa = XCConfigurationList;
			buildConfigurations = (
				3568895F1FCF92F600EF1F29 /* Debug */,
				356889601FCF92F600EF1F29 /* Release */,
			);
			defaultConfigurationIsVisible = 0;
			defaultConfigurationName = Release;
		};
		356889611FCF92F600EF1F29 /* Build configuration list for PBXNativeTarget "modering" */ = {
			isa = XCConfigurationList;
			buildConfigurations = (
				356889621FCF92F600EF1F29 /* Debug */,
				356889631FCF92F600EF1F29 /* Release */,
			);
			defaultConfigurationIsVisible = 0;
		};
		356889641FCF92F600EF1F29 /* Build configuration list for PBXNativeTarget "moderingTests" */ = {
			isa = XCConfigurationList;
			buildConfigurations = (
				356889651FCF92F600EF1F29 /* Debug */,
				356889661FCF92F600EF1F29 /* Release */,
			);
			defaultConfigurationIsVisible = 0;
		};
		356889671FCF92F600EF1F29 /* Build configuration list for PBXNativeTarget "moderingUITests" */ = {
			isa = XCConfigurationList;
			buildConfigurations = (
				356889681FCF92F600EF1F29 /* Debug */,
				356889691FCF92F600EF1F29 /* Release */,
			);
			defaultConfigurationIsVisible = 0;
		};
/* End XCConfigurationList section */
	};
	rootObject = 356889311FCF92F600EF1F29 /* Project object */;
}
