// !$*UTF8*$!
{
	archiveVersion = 1;
	classes = {
	};
	objectVersion = 48;
	objects = {

/* Begin PBXBuildFile section */
		356B6DF02008726000FA35FB /* Motion.framework in Frameworks */ = {isa = PBXBuildFile; fileRef = 356B6DED2008725F00FA35FB /* Motion.framework */; };
		356B6DF12008726000FA35FB /* SnapKit.framework in Frameworks */ = {isa = PBXBuildFile; fileRef = 356B6DEE2008725F00FA35FB /* SnapKit.framework */; };
		356B6DF22008726000FA35FB /* Material.framework in Frameworks */ = {isa = PBXBuildFile; fileRef = 356B6DEF2008726000FA35FB /* Material.framework */; };
		356B6DF32008758500FA35FB /* Then.framework in Frameworks */ = {isa = PBXBuildFile; fileRef = 356B6DF42008758500FA35FB /* Then.framework */; };
		374A77A46E91A62229191808 /* Pods_modeling_kgroup.framework in Frameworks */ = {isa = PBXBuildFile; fileRef = F2810B01ED1562C6DDBCFAB8 /* Pods_modeling_kgroup.framework */; };
		7D395C702019694900D63908 /* TableView.swift in Sources */ = {isa = PBXBuildFile; fileRef = 7D395C6F2019694900D63908 /* TableView.swift */; };
		7D395C72201969DA00D63908 /* TableViewController.swift in Sources */ = {isa = PBXBuildFile; fileRef = 7D395C71201969DA00D63908 /* TableViewController.swift */; };
		7D3D5E1A1FE232A300B448EC /* StartView.swift in Sources */ = {isa = PBXBuildFile; fileRef = 7D3D5E191FE232A300B448EC /* StartView.swift */; };
		7D5FABB91FB3F5050005B1CA /* AppDelegate.swift in Sources */ = {isa = PBXBuildFile; fileRef = 7D5FABB81FB3F5050005B1CA /* AppDelegate.swift */; };
		7D5FABBB1FB3F5050005B1CA /* ViewController.swift in Sources */ = {isa = PBXBuildFile; fileRef = 7D5FABBA1FB3F5050005B1CA /* ViewController.swift */; };
		7D5FABBE1FB3F5050005B1CA /* Main.storyboard in Resources */ = {isa = PBXBuildFile; fileRef = 7D5FABBC1FB3F5050005B1CA /* Main.storyboard */; };
		7D5FABC01FB3F5050005B1CA /* Assets.xcassets in Resources */ = {isa = PBXBuildFile; fileRef = 7D5FABBF1FB3F5050005B1CA /* Assets.xcassets */; };
		7D5FABC31FB3F5050005B1CA /* LaunchScreen.storyboard in Resources */ = {isa = PBXBuildFile; fileRef = 7D5FABC11FB3F5050005B1CA /* LaunchScreen.storyboard */; };
		7D5FABCE1FB3F5050005B1CA /* modeling_kgroupTests.swift in Sources */ = {isa = PBXBuildFile; fileRef = 7D5FABCD1FB3F5050005B1CA /* modeling_kgroupTests.swift */; };
		7D5FABD91FB3F5050005B1CA /* modeling_kgroupUITests.swift in Sources */ = {isa = PBXBuildFile; fileRef = 7D5FABD81FB3F5050005B1CA /* modeling_kgroupUITests.swift */; };
		7D6A8AE92032D6B600CCDED2 /* photo9.jpg in Resources */ = {isa = PBXBuildFile; fileRef = 7D6A8AE82032D6B600CCDED2 /* photo9.jpg */; };
		7D723FED1FDFDADA0094B716 /* FirstView.swift in Sources */ = {isa = PBXBuildFile; fileRef = 7D723FEC1FDFDADA0094B716 /* FirstView.swift */; };
		7DAE771420307D880082ACE9 /* AMXFontAutoScale.framework in Frameworks */ = {isa = PBXBuildFile; fileRef = 7DAE771520307D880082ACE9 /* AMXFontAutoScale.framework */; };
		7DAE77172031379B0082ACE9 /* CardTableView.swift in Sources */ = {isa = PBXBuildFile; fileRef = 7DAE77162031379B0082ACE9 /* CardTableView.swift */; };
		7DAE771920313A720082ACE9 /* CardTableViewCell.swift in Sources */ = {isa = PBXBuildFile; fileRef = 7DAE771820313A720082ACE9 /* CardTableViewCell.swift */; };
		7DAE771A20313B460082ACE9 /* Graph.framework in Frameworks */ = {isa = PBXBuildFile; fileRef = 7DAE771B20313B460082ACE9 /* Graph.framework */; };
		7DAE771D20313C030082ACE9 /* PostsViewController.swift in Sources */ = {isa = PBXBuildFile; fileRef = 7DAE771C20313C030082ACE9 /* PostsViewController.swift */; };
		7DAE771F20313C720082ACE9 /* SampleData.swift in Sources */ = {isa = PBXBuildFile; fileRef = 7DAE771E20313C720082ACE9 /* SampleData.swift */; };
		7DAE778C203145580082ACE9 /* AppToolbarController.swift in Sources */ = {isa = PBXBuildFile; fileRef = 7DAE7781203145560082ACE9 /* AppToolbarController.swift */; };
		7DAE778D203145580082ACE9 /* photo5.jpg in Resources */ = {isa = PBXBuildFile; fileRef = 7DAE7782203145560082ACE9 /* photo5.jpg */; };
		7DAE778E203145580082ACE9 /* photo7.jpg in Resources */ = {isa = PBXBuildFile; fileRef = 7DAE7783203145560082ACE9 /* photo7.jpg */; };
		7DAE778F203145580082ACE9 /* photo8.jpg in Resources */ = {isa = PBXBuildFile; fileRef = 7DAE7784203145570082ACE9 /* photo8.jpg */; };
		7DAE7790203145580082ACE9 /* AppTabBarController.swift in Sources */ = {isa = PBXBuildFile; fileRef = 7DAE7785203145570082ACE9 /* AppTabBarController.swift */; };
		7DAE7791203145580082ACE9 /* photo6.jpg in Resources */ = {isa = PBXBuildFile; fileRef = 7DAE7786203145570082ACE9 /* photo6.jpg */; };
		7DAE7792203145580082ACE9 /* photo4.jpg in Resources */ = {isa = PBXBuildFile; fileRef = 7DAE7787203145570082ACE9 /* photo4.jpg */; };
		7DAE7793203145580082ACE9 /* photo2.jpg in Resources */ = {isa = PBXBuildFile; fileRef = 7DAE7788203145570082ACE9 /* photo2.jpg */; };
		7DAE7794203145580082ACE9 /* photo3.jpg in Resources */ = {isa = PBXBuildFile; fileRef = 7DAE7789203145570082ACE9 /* photo3.jpg */; };
		7DAE7795203145580082ACE9 /* AppFABMenuController.swift in Sources */ = {isa = PBXBuildFile; fileRef = 7DAE778A203145580082ACE9 /* AppFABMenuController.swift */; };
		7DAE7796203145580082ACE9 /* photo1.jpg in Resources */ = {isa = PBXBuildFile; fileRef = 7DAE778B203145580082ACE9 /* photo1.jpg */; };
		7DB51FC21FE8F77900F2D784 /* WarningNextViewController.swift in Sources */ = {isa = PBXBuildFile; fileRef = 7DB51FC11FE8F77900F2D784 /* WarningNextViewController.swift */; };
		7DB51FC41FE8F7BD00F2D784 /* WarningNextView.swift in Sources */ = {isa = PBXBuildFile; fileRef = 7DB51FC31FE8F7BD00F2D784 /* WarningNextView.swift */; };
		7DC81B9D1FE202B500AF677C /* WarningView.swift in Sources */ = {isa = PBXBuildFile; fileRef = 7DC81B9C1FE202B500AF677C /* WarningView.swift */; };
		7DC81B9F1FE21CB600AF677C /* SecondViewController.swift in Sources */ = {isa = PBXBuildFile; fileRef = 7DC81B9E1FE21CB600AF677C /* SecondViewController.swift */; };
		7DEEF5251FE7691500C0406D /* WarningViewController.swift in Sources */ = {isa = PBXBuildFile; fileRef = 7DEEF5241FE7691500C0406D /* WarningViewController.swift */; };
/* End PBXBuildFile section */

/* Begin PBXContainerItemProxy section */
		7D5FABCA1FB3F5050005B1CA /* PBXContainerItemProxy */ = {
			isa = PBXContainerItemProxy;
			containerPortal = 7D5FABAD1FB3F5050005B1CA /* Project object */;
			proxyType = 1;
			remoteGlobalIDString = 7D5FABB41FB3F5050005B1CA;
			remoteInfo = modeling_kgroup;
		};
		7D5FABD51FB3F5050005B1CA /* PBXContainerItemProxy */ = {
			isa = PBXContainerItemProxy;
			containerPortal = 7D5FABAD1FB3F5050005B1CA /* Project object */;
			proxyType = 1;
			remoteGlobalIDString = 7D5FABB41FB3F5050005B1CA;
			remoteInfo = modeling_kgroup;
		};
/* End PBXContainerItemProxy section */

/* Begin PBXFileReference section */
		1769A3B774E3DC5BC44426D8 /* Pods_modeling_kgroupUITests.framework */ = {isa = PBXFileReference; explicitFileType = wrapper.framework; includeInIndex = 0; path = Pods_modeling_kgroupUITests.framework; sourceTree = BUILT_PRODUCTS_DIR; };
		354F1ED720061A4D006EED8D /* MetalKit.framework */ = {isa = PBXFileReference; lastKnownFileType = wrapper.framework; name = MetalKit.framework; path = System/Library/Frameworks/MetalKit.framework; sourceTree = SDKROOT; };
		356B6DED2008725F00FA35FB /* Motion.framework */ = {isa = PBXFileReference; lastKnownFileType = wrapper.framework; name = Motion.framework; path = Carthage/Build/iOS/Motion.framework; sourceTree = "<group>"; };
		356B6DEE2008725F00FA35FB /* SnapKit.framework */ = {isa = PBXFileReference; lastKnownFileType = wrapper.framework; name = SnapKit.framework; path = Carthage/Build/iOS/SnapKit.framework; sourceTree = "<group>"; };
		356B6DEF2008726000FA35FB /* Material.framework */ = {isa = PBXFileReference; lastKnownFileType = wrapper.framework; name = Material.framework; path = Carthage/Build/iOS/Material.framework; sourceTree = "<group>"; };
		356B6DF42008758500FA35FB /* Then.framework */ = {isa = PBXFileReference; explicitFileType = wrapper.framework; path = Then.framework; sourceTree = BUILT_PRODUCTS_DIR; };
		356B6DF52008782100FA35FB /* Then.swift */ = {isa = PBXFileReference; lastKnownFileType = sourcecode.swift; name = Then.swift; path = Pods/Then/Sources/Then/Then.swift; sourceTree = "<group>"; };
		5DC082229348AF18EE5B74D1 /* Pods-modeling_kgroup.debug.xcconfig */ = {isa = PBXFileReference; includeInIndex = 1; lastKnownFileType = text.xcconfig; name = "Pods-modeling_kgroup.debug.xcconfig"; path = "Pods/Target Support Files/Pods-modeling_kgroup/Pods-modeling_kgroup.debug.xcconfig"; sourceTree = "<group>"; };
		7D395C6F2019694900D63908 /* TableView.swift */ = {isa = PBXFileReference; lastKnownFileType = sourcecode.swift; path = TableView.swift; sourceTree = "<group>"; };
		7D395C71201969DA00D63908 /* TableViewController.swift */ = {isa = PBXFileReference; lastKnownFileType = sourcecode.swift; path = TableViewController.swift; sourceTree = "<group>"; };
		7D3D5E191FE232A300B448EC /* StartView.swift */ = {isa = PBXFileReference; lastKnownFileType = sourcecode.swift; path = StartView.swift; sourceTree = "<group>"; };
		7D5FABB51FB3F5050005B1CA /* modeling_kgroup.app */ = {isa = PBXFileReference; explicitFileType = wrapper.application; includeInIndex = 0; path = modeling_kgroup.app; sourceTree = BUILT_PRODUCTS_DIR; };
		7D5FABB81FB3F5050005B1CA /* AppDelegate.swift */ = {isa = PBXFileReference; lastKnownFileType = sourcecode.swift; path = AppDelegate.swift; sourceTree = "<group>"; };
		7D5FABBA1FB3F5050005B1CA /* ViewController.swift */ = {isa = PBXFileReference; lastKnownFileType = sourcecode.swift; path = ViewController.swift; sourceTree = "<group>"; };
		7D5FABBD1FB3F5050005B1CA /* Base */ = {isa = PBXFileReference; lastKnownFileType = file.storyboard; name = Base; path = Base.lproj/Main.storyboard; sourceTree = "<group>"; };
		7D5FABBF1FB3F5050005B1CA /* Assets.xcassets */ = {isa = PBXFileReference; lastKnownFileType = folder.assetcatalog; path = Assets.xcassets; sourceTree = "<group>"; };
		7D5FABC21FB3F5050005B1CA /* Base */ = {isa = PBXFileReference; lastKnownFileType = file.storyboard; name = Base; path = Base.lproj/LaunchScreen.storyboard; sourceTree = "<group>"; };
		7D5FABC41FB3F5050005B1CA /* Info.plist */ = {isa = PBXFileReference; lastKnownFileType = text.plist.xml; path = Info.plist; sourceTree = "<group>"; };
		7D5FABC91FB3F5050005B1CA /* modeling_kgroupTests.xctest */ = {isa = PBXFileReference; explicitFileType = wrapper.cfbundle; includeInIndex = 0; path = modeling_kgroupTests.xctest; sourceTree = BUILT_PRODUCTS_DIR; };
		7D5FABCD1FB3F5050005B1CA /* modeling_kgroupTests.swift */ = {isa = PBXFileReference; lastKnownFileType = sourcecode.swift; path = modeling_kgroupTests.swift; sourceTree = "<group>"; };
		7D5FABCF1FB3F5050005B1CA /* Info.plist */ = {isa = PBXFileReference; lastKnownFileType = text.plist.xml; path = Info.plist; sourceTree = "<group>"; };
		7D5FABD41FB3F5050005B1CA /* modeling_kgroupUITests.xctest */ = {isa = PBXFileReference; explicitFileType = wrapper.cfbundle; includeInIndex = 0; path = modeling_kgroupUITests.xctest; sourceTree = BUILT_PRODUCTS_DIR; };
		7D5FABD81FB3F5050005B1CA /* modeling_kgroupUITests.swift */ = {isa = PBXFileReference; lastKnownFileType = sourcecode.swift; path = modeling_kgroupUITests.swift; sourceTree = "<group>"; };
		7D5FABDA1FB3F5050005B1CA /* Info.plist */ = {isa = PBXFileReference; lastKnownFileType = text.plist.xml; path = Info.plist; sourceTree = "<group>"; };
		7D6A8AE82032D6B600CCDED2 /* photo9.jpg */ = {isa = PBXFileReference; lastKnownFileType = image.jpeg; path = photo9.jpg; sourceTree = "<group>"; };
		7D723FEC1FDFDADA0094B716 /* FirstView.swift */ = {isa = PBXFileReference; lastKnownFileType = sourcecode.swift; path = FirstView.swift; sourceTree = "<group>"; };
		7DAE771520307D880082ACE9 /* AMXFontAutoScale.framework */ = {isa = PBXFileReference; explicitFileType = wrapper.framework; path = AMXFontAutoScale.framework; sourceTree = BUILT_PRODUCTS_DIR; };
		7DAE77162031379B0082ACE9 /* CardTableView.swift */ = {isa = PBXFileReference; lastKnownFileType = sourcecode.swift; path = CardTableView.swift; sourceTree = "<group>"; };
		7DAE771820313A720082ACE9 /* CardTableViewCell.swift */ = {isa = PBXFileReference; lastKnownFileType = sourcecode.swift; path = CardTableViewCell.swift; sourceTree = "<group>"; };
		7DAE771B20313B460082ACE9 /* Graph.framework */ = {isa = PBXFileReference; explicitFileType = wrapper.framework; path = Graph.framework; sourceTree = BUILT_PRODUCTS_DIR; };
		7DAE771C20313C030082ACE9 /* PostsViewController.swift */ = {isa = PBXFileReference; lastKnownFileType = sourcecode.swift; path = PostsViewController.swift; sourceTree = "<group>"; };
		7DAE771E20313C720082ACE9 /* SampleData.swift */ = {isa = PBXFileReference; lastKnownFileType = sourcecode.swift; path = SampleData.swift; sourceTree = "<group>"; };
		7DAE7781203145560082ACE9 /* AppToolbarController.swift */ = {isa = PBXFileReference; fileEncoding = 4; lastKnownFileType = sourcecode.swift; path = AppToolbarController.swift; sourceTree = "<group>"; };
		7DAE7782203145560082ACE9 /* photo5.jpg */ = {isa = PBXFileReference; lastKnownFileType = image.jpeg; path = photo5.jpg; sourceTree = "<group>"; };
		7DAE7783203145560082ACE9 /* photo7.jpg */ = {isa = PBXFileReference; lastKnownFileType = image.jpeg; path = photo7.jpg; sourceTree = "<group>"; };
		7DAE7784203145570082ACE9 /* photo8.jpg */ = {isa = PBXFileReference; lastKnownFileType = image.jpeg; path = photo8.jpg; sourceTree = "<group>"; };
		7DAE7785203145570082ACE9 /* AppTabBarController.swift */ = {isa = PBXFileReference; fileEncoding = 4; lastKnownFileType = sourcecode.swift; path = AppTabBarController.swift; sourceTree = "<group>"; };
		7DAE7786203145570082ACE9 /* photo6.jpg */ = {isa = PBXFileReference; lastKnownFileType = image.jpeg; path = photo6.jpg; sourceTree = "<group>"; };
		7DAE7787203145570082ACE9 /* photo4.jpg */ = {isa = PBXFileReference; lastKnownFileType = image.jpeg; path = photo4.jpg; sourceTree = "<group>"; };
		7DAE7788203145570082ACE9 /* photo2.jpg */ = {isa = PBXFileReference; lastKnownFileType = image.jpeg; path = photo2.jpg; sourceTree = "<group>"; };
		7DAE7789203145570082ACE9 /* photo3.jpg */ = {isa = PBXFileReference; lastKnownFileType = image.jpeg; path = photo3.jpg; sourceTree = "<group>"; };
		7DAE778A203145580082ACE9 /* AppFABMenuController.swift */ = {isa = PBXFileReference; fileEncoding = 4; lastKnownFileType = sourcecode.swift; path = AppFABMenuController.swift; sourceTree = "<group>"; };
		7DAE778B203145580082ACE9 /* photo1.jpg */ = {isa = PBXFileReference; lastKnownFileType = image.jpeg; path = photo1.jpg; sourceTree = "<group>"; };
		7DB51FBE1FE8DE1300F2D784 /* AudioToolbox.framework */ = {isa = PBXFileReference; lastKnownFileType = wrapper.framework; name = AudioToolbox.framework; path = System/Library/Frameworks/AudioToolbox.framework; sourceTree = SDKROOT; };
		7DB51FC11FE8F77900F2D784 /* WarningNextViewController.swift */ = {isa = PBXFileReference; lastKnownFileType = sourcecode.swift; path = WarningNextViewController.swift; sourceTree = "<group>"; };
		7DB51FC31FE8F7BD00F2D784 /* WarningNextView.swift */ = {isa = PBXFileReference; lastKnownFileType = sourcecode.swift; path = WarningNextView.swift; sourceTree = "<group>"; };
		7DC81B9C1FE202B500AF677C /* WarningView.swift */ = {isa = PBXFileReference; lastKnownFileType = sourcecode.swift; path = WarningView.swift; sourceTree = "<group>"; };
		7DC81B9E1FE21CB600AF677C /* SecondViewController.swift */ = {isa = PBXFileReference; lastKnownFileType = sourcecode.swift; path = SecondViewController.swift; sourceTree = "<group>"; };
		7DEEF5241FE7691500C0406D /* WarningViewController.swift */ = {isa = PBXFileReference; lastKnownFileType = sourcecode.swift; path = WarningViewController.swift; sourceTree = "<group>"; };
		B7FC25CBB894B34CB4DDFB39 /* Pods_modeling_kgroupTests.framework */ = {isa = PBXFileReference; explicitFileType = wrapper.framework; includeInIndex = 0; path = Pods_modeling_kgroupTests.framework; sourceTree = BUILT_PRODUCTS_DIR; };
		C53718F2BECEFCED161EB300 /* Pods-modeling_kgroup.release.xcconfig */ = {isa = PBXFileReference; includeInIndex = 1; lastKnownFileType = text.xcconfig; name = "Pods-modeling_kgroup.release.xcconfig"; path = "Pods/Target Support Files/Pods-modeling_kgroup/Pods-modeling_kgroup.release.xcconfig"; sourceTree = "<group>"; };
		F2810B01ED1562C6DDBCFAB8 /* Pods_modeling_kgroup.framework */ = {isa = PBXFileReference; explicitFileType = wrapper.framework; includeInIndex = 0; path = Pods_modeling_kgroup.framework; sourceTree = BUILT_PRODUCTS_DIR; };
/* End PBXFileReference section */

/* Begin PBXFrameworksBuildPhase section */
		7D5FABB21FB3F5050005B1CA /* Frameworks */ = {
			isa = PBXFrameworksBuildPhase;
			buildActionMask = 2147483647;
			files = (
				7DAE771A20313B460082ACE9 /* Graph.framework in Frameworks */,
				7DAE771420307D880082ACE9 /* AMXFontAutoScale.framework in Frameworks */,
				356B6DF32008758500FA35FB /* Then.framework in Frameworks */,
				356B6DF02008726000FA35FB /* Motion.framework in Frameworks */,
				356B6DF12008726000FA35FB /* SnapKit.framework in Frameworks */,
				356B6DF22008726000FA35FB /* Material.framework in Frameworks */,
				374A77A46E91A62229191808 /* Pods_modeling_kgroup.framework in Frameworks */,
			);
			runOnlyForDeploymentPostprocessing = 0;
		};
		7D5FABC61FB3F5050005B1CA /* Frameworks */ = {
			isa = PBXFrameworksBuildPhase;
			buildActionMask = 2147483647;
			files = (
			);
			runOnlyForDeploymentPostprocessing = 0;
		};
		7D5FABD11FB3F5050005B1CA /* Frameworks */ = {
			isa = PBXFrameworksBuildPhase;
			buildActionMask = 2147483647;
			files = (
			);
			runOnlyForDeploymentPostprocessing = 0;
		};
/* End PBXFrameworksBuildPhase section */

/* Begin PBXGroup section */
		7D5FABAC1FB3F5050005B1CA = {
			isa = PBXGroup;
			children = (
				7D5FABB71FB3F5050005B1CA /* modeling_kgroup */,
				7D5FABCC1FB3F5050005B1CA /* modeling_kgroupTests */,
				7D5FABD71FB3F5050005B1CA /* modeling_kgroupUITests */,
				7D5FABB61FB3F5050005B1CA /* Products */,
				DA5CF6C1C299085A436A7BF1 /* Pods */,
				9BE5C80718A49182864C02C2 /* Frameworks */,
			);
			sourceTree = "<group>";
		};
		7D5FABB61FB3F5050005B1CA /* Products */ = {
			isa = PBXGroup;
			children = (
				7D5FABB51FB3F5050005B1CA /* modeling_kgroup.app */,
				7D5FABC91FB3F5050005B1CA /* modeling_kgroupTests.xctest */,
				7D5FABD41FB3F5050005B1CA /* modeling_kgroupUITests.xctest */,
			);
			name = Products;
			sourceTree = "<group>";
		};
		7D5FABB71FB3F5050005B1CA /* modeling_kgroup */ = {
			isa = PBXGroup;
			children = (
				7D723FEA1FDFDA820094B716 /* Controller */,
				7D723FE91FDFDA780094B716 /* View */,
				7D5FABB81FB3F5050005B1CA /* AppDelegate.swift */,
				7D5FABBC1FB3F5050005B1CA /* Main.storyboard */,
				7D5FABBF1FB3F5050005B1CA /* Assets.xcassets */,
				7D5FABC11FB3F5050005B1CA /* LaunchScreen.storyboard */,
				7D5FABC41FB3F5050005B1CA /* Info.plist */,
			);
			path = modeling_kgroup;
			sourceTree = "<group>";
		};
		7D5FABCC1FB3F5050005B1CA /* modeling_kgroupTests */ = {
			isa = PBXGroup;
			children = (
				7D5FABCD1FB3F5050005B1CA /* modeling_kgroupTests.swift */,
				7D5FABCF1FB3F5050005B1CA /* Info.plist */,
			);
			path = modeling_kgroupTests;
			sourceTree = "<group>";
		};
		7D5FABD71FB3F5050005B1CA /* modeling_kgroupUITests */ = {
			isa = PBXGroup;
			children = (
				7D5FABD81FB3F5050005B1CA /* modeling_kgroupUITests.swift */,
				7D5FABDA1FB3F5050005B1CA /* Info.plist */,
			);
			path = modeling_kgroupUITests;
			sourceTree = "<group>";
		};
		7D723FE91FDFDA780094B716 /* View */ = {
			isa = PBXGroup;
			children = (
				7D3D5E191FE232A300B448EC /* StartView.swift */,
				7D723FEC1FDFDADA0094B716 /* FirstView.swift */,
				7DC81B9C1FE202B500AF677C /* WarningView.swift */,
				7DB51FC31FE8F7BD00F2D784 /* WarningNextView.swift */,
				7D395C6F2019694900D63908 /* TableView.swift */,
			);
			name = View;
			sourceTree = "<group>";
		};
		7D723FEA1FDFDA820094B716 /* Controller */ = {
			isa = PBXGroup;
			children = (
				7DAE7780203144790082ACE9 /* Tutorial */,
				7DAE777E2031444A0082ACE9 /* Root */,
			);
			path = Controller;
			sourceTree = "<group>";
		};
		7DAE777E2031444A0082ACE9 /* Root */ = {
			isa = PBXGroup;
			children = (
				7DAE77162031379B0082ACE9 /* CardTableView.swift */,
				7DAE771820313A720082ACE9 /* CardTableViewCell.swift */,
				7DAE778A203145580082ACE9 /* AppFABMenuController.swift */,
				7DAE7785203145570082ACE9 /* AppTabBarController.swift */,
				7DAE7781203145560082ACE9 /* AppToolbarController.swift */,
				7DAE778B203145580082ACE9 /* photo1.jpg */,
				7DAE7788203145570082ACE9 /* photo2.jpg */,
				7DAE7789203145570082ACE9 /* photo3.jpg */,
				7DAE7787203145570082ACE9 /* photo4.jpg */,
				7DAE7782203145560082ACE9 /* photo5.jpg */,
				7DAE7786203145570082ACE9 /* photo6.jpg */,
				7DAE7783203145560082ACE9 /* photo7.jpg */,
				7DAE7784203145570082ACE9 /* photo8.jpg */,
				7DAE771C20313C030082ACE9 /* PostsViewController.swift */,
				7DAE771E20313C720082ACE9 /* SampleData.swift */,
				7D6A8AE82032D6B600CCDED2 /* photo9.jpg */,
			);
			path = Root;
			sourceTree = "<group>";
		};
		7DAE7780203144790082ACE9 /* Tutorial */ = {
			isa = PBXGroup;
			children = (
				7D5FABBA1FB3F5050005B1CA /* ViewController.swift */,
				7DC81B9E1FE21CB600AF677C /* SecondViewController.swift */,
				7DEEF5241FE7691500C0406D /* WarningViewController.swift */,
				7DB51FC11FE8F77900F2D784 /* WarningNextViewController.swift */,
				7D395C71201969DA00D63908 /* TableViewController.swift */,
			);
			path = Tutorial;
			sourceTree = "<group>";
		};
		9BE5C80718A49182864C02C2 /* Frameworks */ = {
			isa = PBXGroup;
			children = (
				7DAE771B20313B460082ACE9 /* Graph.framework */,
				7DAE771520307D880082ACE9 /* AMXFontAutoScale.framework */,
				356B6DF52008782100FA35FB /* Then.swift */,
				356B6DF42008758500FA35FB /* Then.framework */,
				356B6DEF2008726000FA35FB /* Material.framework */,
				356B6DED2008725F00FA35FB /* Motion.framework */,
				356B6DEE2008725F00FA35FB /* SnapKit.framework */,
				354F1ED720061A4D006EED8D /* MetalKit.framework */,
				7DB51FBE1FE8DE1300F2D784 /* AudioToolbox.framework */,
				F2810B01ED1562C6DDBCFAB8 /* Pods_modeling_kgroup.framework */,
				B7FC25CBB894B34CB4DDFB39 /* Pods_modeling_kgroupTests.framework */,
				1769A3B774E3DC5BC44426D8 /* Pods_modeling_kgroupUITests.framework */,
			);
			name = Frameworks;
			sourceTree = "<group>";
		};
		DA5CF6C1C299085A436A7BF1 /* Pods */ = {
			isa = PBXGroup;
			children = (
				5DC082229348AF18EE5B74D1 /* Pods-modeling_kgroup.debug.xcconfig */,
				C53718F2BECEFCED161EB300 /* Pods-modeling_kgroup.release.xcconfig */,
			);
			name = Pods;
			sourceTree = "<group>";
		};
/* End PBXGroup section */

/* Begin PBXNativeTarget section */
		7D5FABB41FB3F5050005B1CA /* modeling_kgroup */ = {
			isa = PBXNativeTarget;
			buildConfigurationList = 7D5FABDD1FB3F5050005B1CA /* Build configuration list for PBXNativeTarget "modeling_kgroup" */;
			buildPhases = (
				D914B7D713242EFF0E8B7426 /* [CP] Check Pods Manifest.lock */,
				7D5FABB11FB3F5050005B1CA /* Sources */,
				7D5FABB21FB3F5050005B1CA /* Frameworks */,
				7D5FABB31FB3F5050005B1CA /* Resources */,
				6D9940F6B4FABE37F4CB505C /* [CP] Embed Pods Frameworks */,
				BFD491843AF4F2DC5AE133AF /* [CP] Copy Pods Resources */,
			);
			buildRules = (
			);
			dependencies = (
			);
			name = modeling_kgroup;
			productName = modeling_kgroup;
			productReference = 7D5FABB51FB3F5050005B1CA /* modeling_kgroup.app */;
			productType = "com.apple.product-type.application";
		};
		7D5FABC81FB3F5050005B1CA /* modeling_kgroupTests */ = {
			isa = PBXNativeTarget;
			buildConfigurationList = 7D5FABE01FB3F5050005B1CA /* Build configuration list for PBXNativeTarget "modeling_kgroupTests" */;
			buildPhases = (
				7D5FABC51FB3F5050005B1CA /* Sources */,
				7D5FABC61FB3F5050005B1CA /* Frameworks */,
				7D5FABC71FB3F5050005B1CA /* Resources */,
			);
			buildRules = (
			);
			dependencies = (
				7D5FABCB1FB3F5050005B1CA /* PBXTargetDependency */,
			);
			name = modeling_kgroupTests;
			productName = modeling_kgroupTests;
			productReference = 7D5FABC91FB3F5050005B1CA /* modeling_kgroupTests.xctest */;
			productType = "com.apple.product-type.bundle.unit-test";
		};
		7D5FABD31FB3F5050005B1CA /* modeling_kgroupUITests */ = {
			isa = PBXNativeTarget;
			buildConfigurationList = 7D5FABE31FB3F5050005B1CA /* Build configuration list for PBXNativeTarget "modeling_kgroupUITests" */;
			buildPhases = (
				7D5FABD01FB3F5050005B1CA /* Sources */,
				7D5FABD11FB3F5050005B1CA /* Frameworks */,
				7D5FABD21FB3F5050005B1CA /* Resources */,
			);
			buildRules = (
			);
			dependencies = (
				7D5FABD61FB3F5050005B1CA /* PBXTargetDependency */,
			);
			name = modeling_kgroupUITests;
			productName = modeling_kgroupUITests;
			productReference = 7D5FABD41FB3F5050005B1CA /* modeling_kgroupUITests.xctest */;
			productType = "com.apple.product-type.bundle.ui-testing";
		};
/* End PBXNativeTarget section */

/* Begin PBXProject section */
		7D5FABAD1FB3F5050005B1CA /* Project object */ = {
			isa = PBXProject;
			attributes = {
				LastSwiftUpdateCheck = 0910;
				LastUpgradeCheck = 0910;
				ORGANIZATIONNAME = "Univ of the Ryukyu";
				TargetAttributes = {
					7D5FABB41FB3F5050005B1CA = {
						CreatedOnToolsVersion = 9.1;
						ProvisioningStyle = Automatic;
					};
					7D5FABC81FB3F5050005B1CA = {
						CreatedOnToolsVersion = 9.1;
						ProvisioningStyle = Automatic;
						TestTargetID = 7D5FABB41FB3F5050005B1CA;
					};
					7D5FABD31FB3F5050005B1CA = {
						CreatedOnToolsVersion = 9.1;
						ProvisioningStyle = Automatic;
						TestTargetID = 7D5FABB41FB3F5050005B1CA;
					};
				};
			};
			buildConfigurationList = 7D5FABB01FB3F5050005B1CA /* Build configuration list for PBXProject "modeling_kgroup" */;
			compatibilityVersion = "Xcode 8.0";
			developmentRegion = en;
			hasScannedForEncodings = 0;
			knownRegions = (
				en,
				Base,
			);
			mainGroup = 7D5FABAC1FB3F5050005B1CA;
			productRefGroup = 7D5FABB61FB3F5050005B1CA /* Products */;
			projectDirPath = "";
			projectRoot = "";
			targets = (
				7D5FABB41FB3F5050005B1CA /* modeling_kgroup */,
				7D5FABC81FB3F5050005B1CA /* modeling_kgroupTests */,
				7D5FABD31FB3F5050005B1CA /* modeling_kgroupUITests */,
			);
		};
/* End PBXProject section */

/* Begin PBXResourcesBuildPhase section */
		7D5FABB31FB3F5050005B1CA /* Resources */ = {
			isa = PBXResourcesBuildPhase;
			buildActionMask = 2147483647;
			files = (
				7D6A8AE92032D6B600CCDED2 /* photo9.jpg in Resources */,
				7DAE7794203145580082ACE9 /* photo3.jpg in Resources */,
				7DAE778E203145580082ACE9 /* photo7.jpg in Resources */,
				7DAE778F203145580082ACE9 /* photo8.jpg in Resources */,
				7DAE778D203145580082ACE9 /* photo5.jpg in Resources */,
				7DAE7796203145580082ACE9 /* photo1.jpg in Resources */,
				7D5FABC31FB3F5050005B1CA /* LaunchScreen.storyboard in Resources */,
				7D5FABC01FB3F5050005B1CA /* Assets.xcassets in Resources */,
				7DAE7791203145580082ACE9 /* photo6.jpg in Resources */,
				7D5FABBE1FB3F5050005B1CA /* Main.storyboard in Resources */,
				7DAE7793203145580082ACE9 /* photo2.jpg in Resources */,
				7DAE7792203145580082ACE9 /* photo4.jpg in Resources */,
			);
			runOnlyForDeploymentPostprocessing = 0;
		};
		7D5FABC71FB3F5050005B1CA /* Resources */ = {
			isa = PBXResourcesBuildPhase;
			buildActionMask = 2147483647;
			files = (
			);
			runOnlyForDeploymentPostprocessing = 0;
		};
		7D5FABD21FB3F5050005B1CA /* Resources */ = {
			isa = PBXResourcesBuildPhase;
			buildActionMask = 2147483647;
			files = (
			);
			runOnlyForDeploymentPostprocessing = 0;
		};
/* End PBXResourcesBuildPhase section */

/* Begin PBXShellScriptBuildPhase section */
		6D9940F6B4FABE37F4CB505C /* [CP] Embed Pods Frameworks */ = {
			isa = PBXShellScriptBuildPhase;
			buildActionMask = 2147483647;
			files = (
			);
			inputPaths = (
				"${SRCROOT}/Pods/Target Support Files/Pods-modeling_kgroup/Pods-modeling_kgroup-frameworks.sh",
				"${BUILT_PRODUCTS_DIR}/AMXFontAutoScale/AMXFontAutoScale.framework",
				"${BUILT_PRODUCTS_DIR}/Graph/Graph.framework",
				"${BUILT_PRODUCTS_DIR}/Material/Material.framework",
				"${BUILT_PRODUCTS_DIR}/Motion/Motion.framework",
				"${BUILT_PRODUCTS_DIR}/SnapKit/SnapKit.framework",
				"${BUILT_PRODUCTS_DIR}/Then/Then.framework",
			);
			name = "[CP] Embed Pods Frameworks";
			outputPaths = (
				"${TARGET_BUILD_DIR}/${FRAMEWORKS_FOLDER_PATH}/AMXFontAutoScale.framework",
				"${TARGET_BUILD_DIR}/${FRAMEWORKS_FOLDER_PATH}/Graph.framework",
				"${TARGET_BUILD_DIR}/${FRAMEWORKS_FOLDER_PATH}/Material.framework",
				"${TARGET_BUILD_DIR}/${FRAMEWORKS_FOLDER_PATH}/Motion.framework",
				"${TARGET_BUILD_DIR}/${FRAMEWORKS_FOLDER_PATH}/SnapKit.framework",
				"${TARGET_BUILD_DIR}/${FRAMEWORKS_FOLDER_PATH}/Then.framework",
			);
			runOnlyForDeploymentPostprocessing = 0;
			shellPath = /bin/sh;
			shellScript = "\"${SRCROOT}/Pods/Target Support Files/Pods-modeling_kgroup/Pods-modeling_kgroup-frameworks.sh\"\n";
			showEnvVarsInLog = 0;
		};
		BFD491843AF4F2DC5AE133AF /* [CP] Copy Pods Resources */ = {
			isa = PBXShellScriptBuildPhase;
			buildActionMask = 2147483647;
			files = (
			);
			inputPaths = (
			);
			name = "[CP] Copy Pods Resources";
			outputPaths = (
			);
			runOnlyForDeploymentPostprocessing = 0;
			shellPath = /bin/sh;
			shellScript = "\"${SRCROOT}/Pods/Target Support Files/Pods-modeling_kgroup/Pods-modeling_kgroup-resources.sh\"\n";
			showEnvVarsInLog = 0;
		};
		D914B7D713242EFF0E8B7426 /* [CP] Check Pods Manifest.lock */ = {
			isa = PBXShellScriptBuildPhase;
			buildActionMask = 2147483647;
			files = (
			);
			inputPaths = (
				"${PODS_PODFILE_DIR_PATH}/Podfile.lock",
				"${PODS_ROOT}/Manifest.lock",
			);
			name = "[CP] Check Pods Manifest.lock";
			outputPaths = (
				"$(DERIVED_FILE_DIR)/Pods-modeling_kgroup-checkManifestLockResult.txt",
			);
			runOnlyForDeploymentPostprocessing = 0;
			shellPath = /bin/sh;
			shellScript = "diff \"${PODS_PODFILE_DIR_PATH}/Podfile.lock\" \"${PODS_ROOT}/Manifest.lock\" > /dev/null\nif [ $? != 0 ] ; then\n    # print error to STDERR\n    echo \"error: The sandbox is not in sync with the Podfile.lock. Run 'pod install' or update your CocoaPods installation.\" >&2\n    exit 1\nfi\n# This output is used by Xcode 'outputs' to avoid re-running this script phase.\necho \"SUCCESS\" > \"${SCRIPT_OUTPUT_FILE_0}\"\n";
			showEnvVarsInLog = 0;
		};
/* End PBXShellScriptBuildPhase section */

/* Begin PBXSourcesBuildPhase section */
		7D5FABB11FB3F5050005B1CA /* Sources */ = {
			isa = PBXSourcesBuildPhase;
			buildActionMask = 2147483647;
			files = (
				7DAE771D20313C030082ACE9 /* PostsViewController.swift in Sources */,
				7DEEF5251FE7691500C0406D /* WarningViewController.swift in Sources */,
				7D5FABBB1FB3F5050005B1CA /* ViewController.swift in Sources */,
				7DC81B9D1FE202B500AF677C /* WarningView.swift in Sources */,
				7D723FED1FDFDADA0094B716 /* FirstView.swift in Sources */,
				7D3D5E1A1FE232A300B448EC /* StartView.swift in Sources */,
				7DB51FC41FE8F7BD00F2D784 /* WarningNextView.swift in Sources */,
				7D395C72201969DA00D63908 /* TableViewController.swift in Sources */,
				7DAE7795203145580082ACE9 /* AppFABMenuController.swift in Sources */,
				7DAE77172031379B0082ACE9 /* CardTableView.swift in Sources */,
				7DAE771920313A720082ACE9 /* CardTableViewCell.swift in Sources */,
				7DAE7790203145580082ACE9 /* AppTabBarController.swift in Sources */,
				7DC81B9F1FE21CB600AF677C /* SecondViewController.swift in Sources */,
				7DB51FC21FE8F77900F2D784 /* WarningNextViewController.swift in Sources */,
				7D5FABB91FB3F5050005B1CA /* AppDelegate.swift in Sources */,
				7DAE778C203145580082ACE9 /* AppToolbarController.swift in Sources */,
				7DAE771F20313C720082ACE9 /* SampleData.swift in Sources */,
				7D395C702019694900D63908 /* TableView.swift in Sources */,
			);
			runOnlyForDeploymentPostprocessing = 0;
		};
		7D5FABC51FB3F5050005B1CA /* Sources */ = {
			isa = PBXSourcesBuildPhase;
			buildActionMask = 2147483647;
			files = (
				7D5FABCE1FB3F5050005B1CA /* modeling_kgroupTests.swift in Sources */,
			);
			runOnlyForDeploymentPostprocessing = 0;
		};
		7D5FABD01FB3F5050005B1CA /* Sources */ = {
			isa = PBXSourcesBuildPhase;
			buildActionMask = 2147483647;
			files = (
				7D5FABD91FB3F5050005B1CA /* modeling_kgroupUITests.swift in Sources */,
			);
			runOnlyForDeploymentPostprocessing = 0;
		};
/* End PBXSourcesBuildPhase section */

/* Begin PBXTargetDependency section */
		7D5FABCB1FB3F5050005B1CA /* PBXTargetDependency */ = {
			isa = PBXTargetDependency;
			target = 7D5FABB41FB3F5050005B1CA /* modeling_kgroup */;
			targetProxy = 7D5FABCA1FB3F5050005B1CA /* PBXContainerItemProxy */;
		};
		7D5FABD61FB3F5050005B1CA /* PBXTargetDependency */ = {
			isa = PBXTargetDependency;
			target = 7D5FABB41FB3F5050005B1CA /* modeling_kgroup */;
			targetProxy = 7D5FABD51FB3F5050005B1CA /* PBXContainerItemProxy */;
		};
/* End PBXTargetDependency section */

/* Begin PBXVariantGroup section */
		7D5FABBC1FB3F5050005B1CA /* Main.storyboard */ = {
			isa = PBXVariantGroup;
			children = (
				7D5FABBD1FB3F5050005B1CA /* Base */,
			);
			name = Main.storyboard;
			sourceTree = "<group>";
		};
		7D5FABC11FB3F5050005B1CA /* LaunchScreen.storyboard */ = {
			isa = PBXVariantGroup;
			children = (
				7D5FABC21FB3F5050005B1CA /* Base */,
			);
			name = LaunchScreen.storyboard;
			sourceTree = "<group>";
		};
/* End PBXVariantGroup section */

/* Begin XCBuildConfiguration section */
		7D5FABDB1FB3F5050005B1CA /* Debug */ = {
			isa = XCBuildConfiguration;
			buildSettings = {
				ALWAYS_SEARCH_USER_PATHS = NO;
				CLANG_ANALYZER_NONNULL = YES;
				CLANG_ANALYZER_NUMBER_OBJECT_CONVERSION = YES_AGGRESSIVE;
				CLANG_CXX_LANGUAGE_STANDARD = "gnu++14";
				CLANG_CXX_LIBRARY = "libc++";
				CLANG_ENABLE_MODULES = YES;
				CLANG_ENABLE_OBJC_ARC = YES;
				CLANG_WARN_BLOCK_CAPTURE_AUTORELEASING = YES;
				CLANG_WARN_BOOL_CONVERSION = YES;
				CLANG_WARN_COMMA = YES;
				CLANG_WARN_CONSTANT_CONVERSION = YES;
				CLANG_WARN_DIRECT_OBJC_ISA_USAGE = YES_ERROR;
				CLANG_WARN_DOCUMENTATION_COMMENTS = YES;
				CLANG_WARN_EMPTY_BODY = YES;
				CLANG_WARN_ENUM_CONVERSION = YES;
				CLANG_WARN_INFINITE_RECURSION = YES;
				CLANG_WARN_INT_CONVERSION = YES;
				CLANG_WARN_NON_LITERAL_NULL_CONVERSION = YES;
				CLANG_WARN_OBJC_LITERAL_CONVERSION = YES;
				CLANG_WARN_OBJC_ROOT_CLASS = YES_ERROR;
				CLANG_WARN_RANGE_LOOP_ANALYSIS = YES;
				CLANG_WARN_STRICT_PROTOTYPES = YES;
				CLANG_WARN_SUSPICIOUS_MOVE = YES;
				CLANG_WARN_UNGUARDED_AVAILABILITY = YES_AGGRESSIVE;
				CLANG_WARN_UNREACHABLE_CODE = YES;
				CLANG_WARN__DUPLICATE_METHOD_MATCH = YES;
				CODE_SIGN_IDENTITY = "iPhone Developer";
				COPY_PHASE_STRIP = NO;
				DEBUG_INFORMATION_FORMAT = dwarf;
				ENABLE_STRICT_OBJC_MSGSEND = YES;
				ENABLE_TESTABILITY = YES;
				GCC_C_LANGUAGE_STANDARD = gnu11;
				GCC_DYNAMIC_NO_PIC = NO;
				GCC_NO_COMMON_BLOCKS = YES;
				GCC_OPTIMIZATION_LEVEL = 0;
				GCC_PREPROCESSOR_DEFINITIONS = (
					"DEBUG=1",
					"$(inherited)",
				);
				GCC_WARN_64_TO_32_BIT_CONVERSION = YES;
				GCC_WARN_ABOUT_RETURN_TYPE = YES_ERROR;
				GCC_WARN_UNDECLARED_SELECTOR = YES;
				GCC_WARN_UNINITIALIZED_AUTOS = YES_AGGRESSIVE;
				GCC_WARN_UNUSED_FUNCTION = YES;
				GCC_WARN_UNUSED_VARIABLE = YES;
				IPHONEOS_DEPLOYMENT_TARGET = 11.1;
				MTL_ENABLE_DEBUG_INFO = YES;
				ONLY_ACTIVE_ARCH = YES;
				SDKROOT = iphoneos;
				SWIFT_ACTIVE_COMPILATION_CONDITIONS = DEBUG;
				SWIFT_OPTIMIZATION_LEVEL = "-Onone";
				SWIFT_VERSION = 4.0;
			};
			name = Debug;
		};
		7D5FABDC1FB3F5050005B1CA /* Release */ = {
			isa = XCBuildConfiguration;
			buildSettings = {
				ALWAYS_SEARCH_USER_PATHS = NO;
				CLANG_ANALYZER_NONNULL = YES;
				CLANG_ANALYZER_NUMBER_OBJECT_CONVERSION = YES_AGGRESSIVE;
				CLANG_CXX_LANGUAGE_STANDARD = "gnu++14";
				CLANG_CXX_LIBRARY = "libc++";
				CLANG_ENABLE_MODULES = YES;
				CLANG_ENABLE_OBJC_ARC = YES;
				CLANG_WARN_BLOCK_CAPTURE_AUTORELEASING = YES;
				CLANG_WARN_BOOL_CONVERSION = YES;
				CLANG_WARN_COMMA = YES;
				CLANG_WARN_CONSTANT_CONVERSION = YES;
				CLANG_WARN_DIRECT_OBJC_ISA_USAGE = YES_ERROR;
				CLANG_WARN_DOCUMENTATION_COMMENTS = YES;
				CLANG_WARN_EMPTY_BODY = YES;
				CLANG_WARN_ENUM_CONVERSION = YES;
				CLANG_WARN_INFINITE_RECURSION = YES;
				CLANG_WARN_INT_CONVERSION = YES;
				CLANG_WARN_NON_LITERAL_NULL_CONVERSION = YES;
				CLANG_WARN_OBJC_LITERAL_CONVERSION = YES;
				CLANG_WARN_OBJC_ROOT_CLASS = YES_ERROR;
				CLANG_WARN_RANGE_LOOP_ANALYSIS = YES;
				CLANG_WARN_STRICT_PROTOTYPES = YES;
				CLANG_WARN_SUSPICIOUS_MOVE = YES;
				CLANG_WARN_UNGUARDED_AVAILABILITY = YES_AGGRESSIVE;
				CLANG_WARN_UNREACHABLE_CODE = YES;
				CLANG_WARN__DUPLICATE_METHOD_MATCH = YES;
				CODE_SIGN_IDENTITY = "iPhone Developer";
				COPY_PHASE_STRIP = NO;
				DEBUG_INFORMATION_FORMAT = "dwarf-with-dsym";
				ENABLE_NS_ASSERTIONS = NO;
				ENABLE_STRICT_OBJC_MSGSEND = YES;
				GCC_C_LANGUAGE_STANDARD = gnu11;
				GCC_NO_COMMON_BLOCKS = YES;
				GCC_WARN_64_TO_32_BIT_CONVERSION = YES;
				GCC_WARN_ABOUT_RETURN_TYPE = YES_ERROR;
				GCC_WARN_UNDECLARED_SELECTOR = YES;
				GCC_WARN_UNINITIALIZED_AUTOS = YES_AGGRESSIVE;
				GCC_WARN_UNUSED_FUNCTION = YES;
				GCC_WARN_UNUSED_VARIABLE = YES;
				IPHONEOS_DEPLOYMENT_TARGET = 11.1;
				MTL_ENABLE_DEBUG_INFO = NO;
				SDKROOT = iphoneos;
				SWIFT_OPTIMIZATION_LEVEL = "-Owholemodule";
				SWIFT_VERSION = 4.0;
				VALIDATE_PRODUCT = YES;
			};
			name = Release;
		};
		7D5FABDE1FB3F5050005B1CA /* Debug */ = {
			isa = XCBuildConfiguration;
			baseConfigurationReference = 5DC082229348AF18EE5B74D1 /* Pods-modeling_kgroup.debug.xcconfig */;
			buildSettings = {
				ASSETCATALOG_COMPILER_APPICON_NAME = AppIcon;
				ASSETCATALOG_COMPILER_LAUNCHIMAGE_NAME = "LaunchImage-2";
				CODE_SIGN_IDENTITY = "iPhone Developer";
				"CODE_SIGN_IDENTITY[sdk=iphoneos*]" = "iPhone Developer";
				CODE_SIGN_STYLE = Automatic;
				DEVELOPMENT_TEAM = 983RT7W73X;
				FRAMEWORK_SEARCH_PATHS = (
					"$(inherited)",
					"$(PROJECT_DIR)/Carthage/Build/iOS",
				);
				INFOPLIST_FILE = modeling_kgroup/Info.plist;
				IPHONEOS_DEPLOYMENT_TARGET = 9.2;
				LD_RUNPATH_SEARCH_PATHS = "$(inherited) @executable_path/Frameworks";
				PRODUCT_BUNDLE_IDENTIFIER = "jp.primetheory.modeling-kgroup";
				PRODUCT_NAME = "$(TARGET_NAME)";
				PROVISIONING_PROFILE = "";
				PROVISIONING_PROFILE_SPECIFIER = "";
				SWIFT_VERSION = 4.0;
				TARGETED_DEVICE_FAMILY = "1,2";
			};
			name = Debug;
		};
		7D5FABDF1FB3F5050005B1CA /* Release */ = {
			isa = XCBuildConfiguration;
			baseConfigurationReference = C53718F2BECEFCED161EB300 /* Pods-modeling_kgroup.release.xcconfig */;
			buildSettings = {
				ASSETCATALOG_COMPILER_APPICON_NAME = AppIcon;
				ASSETCATALOG_COMPILER_LAUNCHIMAGE_NAME = "LaunchImage-2";
				CODE_SIGN_IDENTITY = "iPhone Developer";
				"CODE_SIGN_IDENTITY[sdk=iphoneos*]" = "iPhone Developer";
				CODE_SIGN_STYLE = Automatic;
				DEVELOPMENT_TEAM = 983RT7W73X;
				FRAMEWORK_SEARCH_PATHS = (
					"$(inherited)",
					"$(PROJECT_DIR)/Carthage/Build/iOS",
				);
				INFOPLIST_FILE = modeling_kgroup/Info.plist;
				IPHONEOS_DEPLOYMENT_TARGET = 9.2;
				LD_RUNPATH_SEARCH_PATHS = "$(inherited) @executable_path/Frameworks";
				PRODUCT_BUNDLE_IDENTIFIER = "jp.primetheory.modeling-kgroup";
				PRODUCT_NAME = "$(TARGET_NAME)";
				PROVISIONING_PROFILE_SPECIFIER = "";
				SWIFT_VERSION = 4.0;
				TARGETED_DEVICE_FAMILY = "1,2";
			};
			name = Release;
		};
		7D5FABE11FB3F5050005B1CA /* Debug */ = {
			isa = XCBuildConfiguration;
			buildSettings = {
				ALWAYS_EMBED_SWIFT_STANDARD_LIBRARIES = YES;
				BUNDLE_LOADER = "$(TEST_HOST)";
				CODE_SIGN_STYLE = Automatic;
				INFOPLIST_FILE = modeling_kgroupTests/Info.plist;
				LD_RUNPATH_SEARCH_PATHS = "$(inherited) @executable_path/Frameworks @loader_path/Frameworks";
				PRODUCT_BUNDLE_IDENTIFIER = "ie-ryukyu.modeling-kgroupTests";
				PRODUCT_NAME = "$(TARGET_NAME)";
				SWIFT_VERSION = 4.0;
				TARGETED_DEVICE_FAMILY = "1,2";
				TEST_HOST = "$(BUILT_PRODUCTS_DIR)/modeling_kgroup.app/modeling_kgroup";
			};
			name = Debug;
		};
		7D5FABE21FB3F5050005B1CA /* Release */ = {
			isa = XCBuildConfiguration;
			buildSettings = {
				ALWAYS_EMBED_SWIFT_STANDARD_LIBRARIES = YES;
				BUNDLE_LOADER = "$(TEST_HOST)";
				CODE_SIGN_STYLE = Automatic;
				INFOPLIST_FILE = modeling_kgroupTests/Info.plist;
				LD_RUNPATH_SEARCH_PATHS = "$(inherited) @executable_path/Frameworks @loader_path/Frameworks";
				PRODUCT_BUNDLE_IDENTIFIER = "ie-ryukyu.modeling-kgroupTests";
				PRODUCT_NAME = "$(TARGET_NAME)";
				SWIFT_VERSION = 4.0;
				TARGETED_DEVICE_FAMILY = "1,2";
				TEST_HOST = "$(BUILT_PRODUCTS_DIR)/modeling_kgroup.app/modeling_kgroup";
			};
			name = Release;
		};
		7D5FABE41FB3F5050005B1CA /* Debug */ = {
			isa = XCBuildConfiguration;
			buildSettings = {
				ALWAYS_EMBED_SWIFT_STANDARD_LIBRARIES = YES;
				CODE_SIGN_STYLE = Automatic;
				INFOPLIST_FILE = modeling_kgroupUITests/Info.plist;
				LD_RUNPATH_SEARCH_PATHS = "$(inherited) @executable_path/Frameworks @loader_path/Frameworks";
				PRODUCT_BUNDLE_IDENTIFIER = "ie-ryukyu.modeling-kgroupUITests";
				PRODUCT_NAME = "$(TARGET_NAME)";
				SWIFT_VERSION = 4.0;
				TARGETED_DEVICE_FAMILY = "1,2";
				TEST_TARGET_NAME = modeling_kgroup;
			};
			name = Debug;
		};
		7D5FABE51FB3F5050005B1CA /* Release */ = {
			isa = XCBuildConfiguration;
			buildSettings = {
				ALWAYS_EMBED_SWIFT_STANDARD_LIBRARIES = YES;
				CODE_SIGN_STYLE = Automatic;
				INFOPLIST_FILE = modeling_kgroupUITests/Info.plist;
				LD_RUNPATH_SEARCH_PATHS = "$(inherited) @executable_path/Frameworks @loader_path/Frameworks";
				PRODUCT_BUNDLE_IDENTIFIER = "ie-ryukyu.modeling-kgroupUITests";
				PRODUCT_NAME = "$(TARGET_NAME)";
				SWIFT_VERSION = 4.0;
				TARGETED_DEVICE_FAMILY = "1,2";
				TEST_TARGET_NAME = modeling_kgroup;
			};
			name = Release;
		};
/* End XCBuildConfiguration section */

/* Begin XCConfigurationList section */
		7D5FABB01FB3F5050005B1CA /* Build configuration list for PBXProject "modeling_kgroup" */ = {
			isa = XCConfigurationList;
			buildConfigurations = (
				7D5FABDB1FB3F5050005B1CA /* Debug */,
				7D5FABDC1FB3F5050005B1CA /* Release */,
			);
			defaultConfigurationIsVisible = 0;
			defaultConfigurationName = Release;
		};
		7D5FABDD1FB3F5050005B1CA /* Build configuration list for PBXNativeTarget "modeling_kgroup" */ = {
			isa = XCConfigurationList;
			buildConfigurations = (
				7D5FABDE1FB3F5050005B1CA /* Debug */,
				7D5FABDF1FB3F5050005B1CA /* Release */,
			);
			defaultConfigurationIsVisible = 0;
			defaultConfigurationName = Release;
		};
		7D5FABE01FB3F5050005B1CA /* Build configuration list for PBXNativeTarget "modeling_kgroupTests" */ = {
			isa = XCConfigurationList;
			buildConfigurations = (
				7D5FABE11FB3F5050005B1CA /* Debug */,
				7D5FABE21FB3F5050005B1CA /* Release */,
			);
			defaultConfigurationIsVisible = 0;
			defaultConfigurationName = Release;
		};
		7D5FABE31FB3F5050005B1CA /* Build configuration list for PBXNativeTarget "modeling_kgroupUITests" */ = {
			isa = XCConfigurationList;
			buildConfigurations = (
				7D5FABE41FB3F5050005B1CA /* Debug */,
				7D5FABE51FB3F5050005B1CA /* Release */,
			);
			defaultConfigurationIsVisible = 0;
			defaultConfigurationName = Release;
		};
/* End XCConfigurationList section */
	};
	rootObject = 7D5FABAD1FB3F5050005B1CA /* Project object */;
}
